// !$*UTF8*$!
{
	archiveVersion = 1;
	classes = {
	};
	objectVersion = 46;
	objects = {

/* Begin PBXBuildFile section */
		921006381893D9D8002539BD /* AVFoundation.framework in Frameworks */ = {isa = PBXBuildFile; fileRef = 921006371893D9D8002539BD /* AVFoundation.framework */; };
		9210063A1893D9F3002539BD /* OpenGLES.framework in Frameworks */ = {isa = PBXBuildFile; fileRef = 921006391893D9F3002539BD /* OpenGLES.framework */; };
		9210063C1893DA04002539BD /* QuartzCore.framework in Frameworks */ = {isa = PBXBuildFile; fileRef = 9210063B1893DA04002539BD /* QuartzCore.framework */; };
		9210063E1893DDDA002539BD /* Donkey.jpg in Resources */ = {isa = PBXBuildFile; fileRef = 9210063D1893DDDA002539BD /* Donkey.jpg */; };
		92103E6E18942717002539BD /* PT.m in Sources */ = {isa = PBXBuildFile; fileRef = 92103E6D18942717002539BD /* PT.m */; };
		92103E71189431F1002539BD /* PTClient.m in Sources */ = {isa = PBXBuildFile; fileRef = 92103E70189431F1002539BD /* PTClient.m */; };
		92103E7318943FB7002539BD /* Hill.jpg in Resources */ = {isa = PBXBuildFile; fileRef = 92103E7218943FB7002539BD /* Hill.jpg */; };
		928B876C18939BEE005F6680 /* Foundation.framework in Frameworks */ = {isa = PBXBuildFile; fileRef = 928B876B18939BEE005F6680 /* Foundation.framework */; };
		928B876E18939BEE005F6680 /* CoreGraphics.framework in Frameworks */ = {isa = PBXBuildFile; fileRef = 928B876D18939BEE005F6680 /* CoreGraphics.framework */; };
		928B877018939BEE005F6680 /* UIKit.framework in Frameworks */ = {isa = PBXBuildFile; fileRef = 928B876F18939BEE005F6680 /* UIKit.framework */; };
		928B877218939BEE005F6680 /* SpriteKit.framework in Frameworks */ = {isa = PBXBuildFile; fileRef = 928B877118939BEE005F6680 /* SpriteKit.framework */; };
		928B877818939BEE005F6680 /* InfoPlist.strings in Resources */ = {isa = PBXBuildFile; fileRef = 928B877618939BEE005F6680 /* InfoPlist.strings */; };
		928B877A18939BEE005F6680 /* main.m in Sources */ = {isa = PBXBuildFile; fileRef = 928B877918939BEE005F6680 /* main.m */; };
		928B877E18939BEE005F6680 /* PTAppDelegate.m in Sources */ = {isa = PBXBuildFile; fileRef = 928B877D18939BEE005F6680 /* PTAppDelegate.m */; };
		928B878118939BEE005F6680 /* Main.storyboard in Resources */ = {isa = PBXBuildFile; fileRef = 928B877F18939BEE005F6680 /* Main.storyboard */; };
		928B878418939BEE005F6680 /* PTViewController.m in Sources */ = {isa = PBXBuildFile; fileRef = 928B878318939BEE005F6680 /* PTViewController.m */; };
		928B878718939BEE005F6680 /* PTMyScene.m in Sources */ = {isa = PBXBuildFile; fileRef = 928B878618939BEE005F6680 /* PTMyScene.m */; };
		928B878918939BEE005F6680 /* Spaceship.png in Resources */ = {isa = PBXBuildFile; fileRef = 928B878818939BEE005F6680 /* Spaceship.png */; };
		928B878B18939BEE005F6680 /* Images.xcassets in Resources */ = {isa = PBXBuildFile; fileRef = 928B878A18939BEE005F6680 /* Images.xcassets */; };
		928B879218939BEE005F6680 /* XCTest.framework in Frameworks */ = {isa = PBXBuildFile; fileRef = 928B879118939BEE005F6680 /* XCTest.framework */; };
		928B879318939BEE005F6680 /* Foundation.framework in Frameworks */ = {isa = PBXBuildFile; fileRef = 928B876B18939BEE005F6680 /* Foundation.framework */; };
		928B879418939BEE005F6680 /* UIKit.framework in Frameworks */ = {isa = PBXBuildFile; fileRef = 928B876F18939BEE005F6680 /* UIKit.framework */; };
		928B879C18939BEE005F6680 /* InfoPlist.strings in Resources */ = {isa = PBXBuildFile; fileRef = 928B879A18939BEE005F6680 /* InfoPlist.strings */; };
		928B879E18939BEE005F6680 /* Pin_the_donkey_tailTests.m in Sources */ = {isa = PBXBuildFile; fileRef = 928B879D18939BEE005F6680 /* Pin_the_donkey_tailTests.m */; };
		928B87AB1893A236005F6680 /* Pinterest.framework in Frameworks */ = {isa = PBXBuildFile; fileRef = 928B87A81893A236005F6680 /* Pinterest.framework */; };
		928B87AC1893A236005F6680 /* PinterestSDKResources.bundle in Resources */ = {isa = PBXBuildFile; fileRef = 928B87AA1893A236005F6680 /* PinterestSDKResources.bundle */; };
		928B87AF1893BAFA005F6680 /* PTPinterestWrapper.m in Sources */ = {isa = PBXBuildFile; fileRef = 928B87AE1893BAFA005F6680 /* PTPinterestWrapper.m */; };
/* End PBXBuildFile section */

/* Begin PBXContainerItemProxy section */
		921006331893D991002539BD /* PBXContainerItemProxy */ = {
			isa = PBXContainerItemProxy;
			containerPortal = 9210062D1893D991002539BD /* GPUImage.xcodeproj */;
			proxyType = 2;
			remoteGlobalIDString = BCF1A33414DDB1EC00852800;
			remoteInfo = GPUImage;
		};
		921006351893D991002539BD /* PBXContainerItemProxy */ = {
			isa = PBXContainerItemProxy;
			containerPortal = 9210062D1893D991002539BD /* GPUImage.xcodeproj */;
			proxyType = 2;
			remoteGlobalIDString = BCF1A34414DDB1EC00852800;
			remoteInfo = GPUImageTests;
		};
		928B879518939BEE005F6680 /* PBXContainerItemProxy */ = {
			isa = PBXContainerItemProxy;
			containerPortal = 928B876018939BEE005F6680 /* Project object */;
			proxyType = 1;
			remoteGlobalIDString = 928B876718939BEE005F6680;
			remoteInfo = "Pin the donkey tail";
		};
/* End PBXContainerItemProxy section */

/* Begin PBXFileReference section */
		9210062D1893D991002539BD /* GPUImage.xcodeproj */ = {isa = PBXFileReference; lastKnownFileType = "wrapper.pb-project"; name = GPUImage.xcodeproj; path = ../../CodingCourses/GPUImage/framework/GPUImage.xcodeproj; sourceTree = "<group>"; };
		921006371893D9D8002539BD /* AVFoundation.framework */ = {isa = PBXFileReference; lastKnownFileType = wrapper.framework; name = AVFoundation.framework; path = System/Library/Frameworks/AVFoundation.framework; sourceTree = SDKROOT; };
		921006391893D9F3002539BD /* OpenGLES.framework */ = {isa = PBXFileReference; lastKnownFileType = wrapper.framework; name = OpenGLES.framework; path = System/Library/Frameworks/OpenGLES.framework; sourceTree = SDKROOT; };
		9210063B1893DA04002539BD /* QuartzCore.framework */ = {isa = PBXFileReference; lastKnownFileType = wrapper.framework; name = QuartzCore.framework; path = System/Library/Frameworks/QuartzCore.framework; sourceTree = SDKROOT; };
		9210063D1893DDDA002539BD /* Donkey.jpg */ = {isa = PBXFileReference; lastKnownFileType = image.jpeg; name = Donkey.jpg; path = ../../Donkey.jpg; sourceTree = "<group>"; };
		92103E6C18942717002539BD /* PT.h */ = {isa = PBXFileReference; fileEncoding = 4; lastKnownFileType = sourcecode.c.h; name = PT.h; path = PTPinterestClient/PT.h; sourceTree = "<group>"; };
		92103E6D18942717002539BD /* PT.m */ = {isa = PBXFileReference; fileEncoding = 4; lastKnownFileType = sourcecode.c.objc; name = PT.m; path = PTPinterestClient/PT.m; sourceTree = "<group>"; };
		92103E6F189431F1002539BD /* PTClient.h */ = {isa = PBXFileReference; fileEncoding = 4; lastKnownFileType = sourcecode.c.h; name = PTClient.h; path = PTPinterestClient/PTClient.h; sourceTree = "<group>"; };
		92103E70189431F1002539BD /* PTClient.m */ = {isa = PBXFileReference; fileEncoding = 4; lastKnownFileType = sourcecode.c.objc; name = PTClient.m; path = PTPinterestClient/PTClient.m; sourceTree = "<group>"; };
		92103E7218943FB7002539BD /* Hill.jpg */ = {isa = PBXFileReference; lastKnownFileType = image.jpeg; name = Hill.jpg; path = ../../../../Downloads/Hill.jpg; sourceTree = "<group>"; };
		928B876818939BEE005F6680 /* Pin the donkey tail.app */ = {isa = PBXFileReference; explicitFileType = wrapper.application; includeInIndex = 0; path = "Pin the donkey tail.app"; sourceTree = BUILT_PRODUCTS_DIR; };
		928B876B18939BEE005F6680 /* Foundation.framework */ = {isa = PBXFileReference; lastKnownFileType = wrapper.framework; name = Foundation.framework; path = System/Library/Frameworks/Foundation.framework; sourceTree = SDKROOT; };
		928B876D18939BEE005F6680 /* CoreGraphics.framework */ = {isa = PBXFileReference; lastKnownFileType = wrapper.framework; name = CoreGraphics.framework; path = System/Library/Frameworks/CoreGraphics.framework; sourceTree = SDKROOT; };
		928B876F18939BEE005F6680 /* UIKit.framework */ = {isa = PBXFileReference; lastKnownFileType = wrapper.framework; name = UIKit.framework; path = System/Library/Frameworks/UIKit.framework; sourceTree = SDKROOT; };
		928B877118939BEE005F6680 /* SpriteKit.framework */ = {isa = PBXFileReference; lastKnownFileType = wrapper.framework; name = SpriteKit.framework; path = System/Library/Frameworks/SpriteKit.framework; sourceTree = SDKROOT; };
		928B877518939BEE005F6680 /* Pin the donkey tail-Info.plist */ = {isa = PBXFileReference; lastKnownFileType = text.plist.xml; path = "Pin the donkey tail-Info.plist"; sourceTree = "<group>"; };
		928B877718939BEE005F6680 /* en */ = {isa = PBXFileReference; lastKnownFileType = text.plist.strings; name = en; path = en.lproj/InfoPlist.strings; sourceTree = "<group>"; };
		928B877918939BEE005F6680 /* main.m */ = {isa = PBXFileReference; lastKnownFileType = sourcecode.c.objc; path = main.m; sourceTree = "<group>"; };
		928B877B18939BEE005F6680 /* Pin the donkey tail-Prefix.pch */ = {isa = PBXFileReference; lastKnownFileType = sourcecode.c.h; path = "Pin the donkey tail-Prefix.pch"; sourceTree = "<group>"; };
		928B877C18939BEE005F6680 /* PTAppDelegate.h */ = {isa = PBXFileReference; lastKnownFileType = sourcecode.c.h; path = PTAppDelegate.h; sourceTree = "<group>"; };
		928B877D18939BEE005F6680 /* PTAppDelegate.m */ = {isa = PBXFileReference; lastKnownFileType = sourcecode.c.objc; path = PTAppDelegate.m; sourceTree = "<group>"; };
		928B878018939BEE005F6680 /* Base */ = {isa = PBXFileReference; lastKnownFileType = file.storyboard; name = Base; path = Base.lproj/Main.storyboard; sourceTree = "<group>"; };
		928B878218939BEE005F6680 /* PTViewController.h */ = {isa = PBXFileReference; lastKnownFileType = sourcecode.c.h; path = PTViewController.h; sourceTree = "<group>"; };
		928B878318939BEE005F6680 /* PTViewController.m */ = {isa = PBXFileReference; lastKnownFileType = sourcecode.c.objc; path = PTViewController.m; sourceTree = "<group>"; };
		928B878518939BEE005F6680 /* PTMyScene.h */ = {isa = PBXFileReference; lastKnownFileType = sourcecode.c.h; path = PTMyScene.h; sourceTree = "<group>"; };
		928B878618939BEE005F6680 /* PTMyScene.m */ = {isa = PBXFileReference; lastKnownFileType = sourcecode.c.objc; path = PTMyScene.m; sourceTree = "<group>"; };
		928B878818939BEE005F6680 /* Spaceship.png */ = {isa = PBXFileReference; lastKnownFileType = image.png; path = Spaceship.png; sourceTree = "<group>"; };
		928B878A18939BEE005F6680 /* Images.xcassets */ = {isa = PBXFileReference; lastKnownFileType = folder.assetcatalog; path = Images.xcassets; sourceTree = "<group>"; };
		928B879018939BEE005F6680 /* Pin the donkey tailTests.xctest */ = {isa = PBXFileReference; explicitFileType = wrapper.cfbundle; includeInIndex = 0; path = "Pin the donkey tailTests.xctest"; sourceTree = BUILT_PRODUCTS_DIR; };
		928B879118939BEE005F6680 /* XCTest.framework */ = {isa = PBXFileReference; lastKnownFileType = wrapper.framework; name = XCTest.framework; path = Library/Frameworks/XCTest.framework; sourceTree = DEVELOPER_DIR; };
		928B879918939BEE005F6680 /* Pin the donkey tailTests-Info.plist */ = {isa = PBXFileReference; lastKnownFileType = text.plist.xml; path = "Pin the donkey tailTests-Info.plist"; sourceTree = "<group>"; };
		928B879B18939BEE005F6680 /* en */ = {isa = PBXFileReference; lastKnownFileType = text.plist.strings; name = en; path = en.lproj/InfoPlist.strings; sourceTree = "<group>"; };
		928B879D18939BEE005F6680 /* Pin_the_donkey_tailTests.m */ = {isa = PBXFileReference; lastKnownFileType = sourcecode.c.objc; path = Pin_the_donkey_tailTests.m; sourceTree = "<group>"; };
		928B87A81893A236005F6680 /* Pinterest.framework */ = {isa = PBXFileReference; lastKnownFileType = wrapper.framework; path = Pinterest.framework; sourceTree = "<group>"; };
		928B87AA1893A236005F6680 /* PinterestSDKResources.bundle */ = {isa = PBXFileReference; lastKnownFileType = "wrapper.plug-in"; path = PinterestSDKResources.bundle; sourceTree = "<group>"; };
		928B87AD1893BAFA005F6680 /* PTPinterestWrapper.h */ = {isa = PBXFileReference; fileEncoding = 4; lastKnownFileType = sourcecode.c.h; path = PTPinterestWrapper.h; sourceTree = "<group>"; };
		928B87AE1893BAFA005F6680 /* PTPinterestWrapper.m */ = {isa = PBXFileReference; fileEncoding = 4; lastKnownFileType = sourcecode.c.objc; path = PTPinterestWrapper.m; sourceTree = "<group>"; };
/* End PBXFileReference section */

/* Begin PBXFrameworksBuildPhase section */
		928B876518939BEE005F6680 /* Frameworks */ = {
			isa = PBXFrameworksBuildPhase;
			buildActionMask = 2147483647;
			files = (
				9210063C1893DA04002539BD /* QuartzCore.framework in Frameworks */,
				9210063A1893D9F3002539BD /* OpenGLES.framework in Frameworks */,
				921006381893D9D8002539BD /* AVFoundation.framework in Frameworks */,
				928B876E18939BEE005F6680 /* CoreGraphics.framework in Frameworks */,
				928B877018939BEE005F6680 /* UIKit.framework in Frameworks */,
				928B877218939BEE005F6680 /* SpriteKit.framework in Frameworks */,
				928B876C18939BEE005F6680 /* Foundation.framework in Frameworks */,
				928B87AB1893A236005F6680 /* Pinterest.framework in Frameworks */,
			);
			runOnlyForDeploymentPostprocessing = 0;
		};
		928B878D18939BEE005F6680 /* Frameworks */ = {
			isa = PBXFrameworksBuildPhase;
			buildActionMask = 2147483647;
			files = (
				928B879218939BEE005F6680 /* XCTest.framework in Frameworks */,
				928B879418939BEE005F6680 /* UIKit.framework in Frameworks */,
				928B879318939BEE005F6680 /* Foundation.framework in Frameworks */,
			);
			runOnlyForDeploymentPostprocessing = 0;
		};
/* End PBXFrameworksBuildPhase section */

/* Begin PBXGroup section */
		9210062E1893D991002539BD /* Products */ = {
			isa = PBXGroup;
			children = (
				921006341893D991002539BD /* libGPUImage.a */,
				921006361893D991002539BD /* GPUImageTests.octest */,
			);
			name = Products;
			sourceTree = "<group>";
		};
		928B875F18939BED005F6680 = {
			isa = PBXGroup;
			children = (
				928B87A71893A235005F6680 /* Pinterest.embeddedframework */,
				928B877318939BEE005F6680 /* Pin the donkey tail */,
				928B879718939BEE005F6680 /* Pin the donkey tailTests */,
				928B876A18939BEE005F6680 /* Frameworks */,
				928B876918939BEE005F6680 /* Products */,
			);
			sourceTree = "<group>";
		};
		928B876918939BEE005F6680 /* Products */ = {
			isa = PBXGroup;
			children = (
				928B876818939BEE005F6680 /* Pin the donkey tail.app */,
				928B879018939BEE005F6680 /* Pin the donkey tailTests.xctest */,
			);
			name = Products;
			sourceTree = "<group>";
		};
		928B876A18939BEE005F6680 /* Frameworks */ = {
			isa = PBXGroup;
			children = (
				9210063B1893DA04002539BD /* QuartzCore.framework */,
				921006391893D9F3002539BD /* OpenGLES.framework */,
				921006371893D9D8002539BD /* AVFoundation.framework */,
				9210062D1893D991002539BD /* GPUImage.xcodeproj */,
				928B876B18939BEE005F6680 /* Foundation.framework */,
				928B876D18939BEE005F6680 /* CoreGraphics.framework */,
				928B876F18939BEE005F6680 /* UIKit.framework */,
				928B877118939BEE005F6680 /* SpriteKit.framework */,
				928B879118939BEE005F6680 /* XCTest.framework */,
			);
			name = Frameworks;
			sourceTree = "<group>";
		};
		928B877318939BEE005F6680 /* Pin the donkey tail */ = {
			isa = PBXGroup;
			children = (
				928B877C18939BEE005F6680 /* PTAppDelegate.h */,
				928B877D18939BEE005F6680 /* PTAppDelegate.m */,
				928B877F18939BEE005F6680 /* Main.storyboard */,
				928B878218939BEE005F6680 /* PTViewController.h */,
				928B878318939BEE005F6680 /* PTViewController.m */,
				928B878518939BEE005F6680 /* PTMyScene.h */,
				928B878618939BEE005F6680 /* PTMyScene.m */,
				928B87AD1893BAFA005F6680 /* PTPinterestWrapper.h */,
				928B87AE1893BAFA005F6680 /* PTPinterestWrapper.m */,
				92103E6C18942717002539BD /* PT.h */,
				92103E6D18942717002539BD /* PT.m */,
				92103E6F189431F1002539BD /* PTClient.h */,
				92103E70189431F1002539BD /* PTClient.m */,
				928B878818939BEE005F6680 /* Spaceship.png */,
				928B878A18939BEE005F6680 /* Images.xcassets */,
				928B877418939BEE005F6680 /* Supporting Files */,
			);
			path = "Pin the donkey tail";
			sourceTree = "<group>";
		};
		928B877418939BEE005F6680 /* Supporting Files */ = {
			isa = PBXGroup;
			children = (
				92103E7218943FB7002539BD /* Hill.jpg */,
				928B877518939BEE005F6680 /* Pin the donkey tail-Info.plist */,
				9210063D1893DDDA002539BD /* Donkey.jpg */,
				928B877618939BEE005F6680 /* InfoPlist.strings */,
				928B877918939BEE005F6680 /* main.m */,
				928B877B18939BEE005F6680 /* Pin the donkey tail-Prefix.pch */,
			);
			name = "Supporting Files";
			sourceTree = "<group>";
		};
		928B879718939BEE005F6680 /* Pin the donkey tailTests */ = {
			isa = PBXGroup;
			children = (
				928B879D18939BEE005F6680 /* Pin_the_donkey_tailTests.m */,
				928B879818939BEE005F6680 /* Supporting Files */,
			);
			path = "Pin the donkey tailTests";
			sourceTree = "<group>";
		};
		928B879818939BEE005F6680 /* Supporting Files */ = {
			isa = PBXGroup;
			children = (
				928B879918939BEE005F6680 /* Pin the donkey tailTests-Info.plist */,
				928B879A18939BEE005F6680 /* InfoPlist.strings */,
			);
			name = "Supporting Files";
			sourceTree = "<group>";
		};
		928B87A71893A235005F6680 /* Pinterest.embeddedframework */ = {
			isa = PBXGroup;
			children = (
				928B87A81893A236005F6680 /* Pinterest.framework */,
				928B87A91893A236005F6680 /* Resources */,
			);
			path = Pinterest.embeddedframework;
			sourceTree = "<group>";
		};
		928B87A91893A236005F6680 /* Resources */ = {
			isa = PBXGroup;
			children = (
				928B87AA1893A236005F6680 /* PinterestSDKResources.bundle */,
			);
			path = Resources;
			sourceTree = "<group>";
		};
/* End PBXGroup section */

/* Begin PBXNativeTarget section */
		928B876718939BEE005F6680 /* Pin the donkey tail */ = {
			isa = PBXNativeTarget;
			buildConfigurationList = 928B87A118939BEE005F6680 /* Build configuration list for PBXNativeTarget "Pin the donkey tail" */;
			buildPhases = (
				928B876418939BEE005F6680 /* Sources */,
				928B876518939BEE005F6680 /* Frameworks */,
				928B876618939BEE005F6680 /* Resources */,
			);
			buildRules = (
			);
			dependencies = (
			);
			name = "Pin the donkey tail";
			productName = "Pin the donkey tail";
			productReference = 928B876818939BEE005F6680 /* Pin the donkey tail.app */;
			productType = "com.apple.product-type.application";
		};
		928B878F18939BEE005F6680 /* Pin the donkey tailTests */ = {
			isa = PBXNativeTarget;
			buildConfigurationList = 928B87A418939BEE005F6680 /* Build configuration list for PBXNativeTarget "Pin the donkey tailTests" */;
			buildPhases = (
				928B878C18939BEE005F6680 /* Sources */,
				928B878D18939BEE005F6680 /* Frameworks */,
				928B878E18939BEE005F6680 /* Resources */,
			);
			buildRules = (
			);
			dependencies = (
				928B879618939BEE005F6680 /* PBXTargetDependency */,
			);
			name = "Pin the donkey tailTests";
			productName = "Pin the donkey tailTests";
			productReference = 928B879018939BEE005F6680 /* Pin the donkey tailTests.xctest */;
			productType = "com.apple.product-type.bundle.unit-test";
		};
/* End PBXNativeTarget section */

/* Begin PBXProject section */
		928B876018939BEE005F6680 /* Project object */ = {
			isa = PBXProject;
			attributes = {
				CLASSPREFIX = PT;
				LastUpgradeCheck = 0500;
				ORGANIZATIONNAME = "Harvey Mudd College";
				TargetAttributes = {
					928B878F18939BEE005F6680 = {
						TestTargetID = 928B876718939BEE005F6680;
					};
				};
			};
			buildConfigurationList = 928B876318939BEE005F6680 /* Build configuration list for PBXProject "Pin the donkey tail" */;
			compatibilityVersion = "Xcode 3.2";
			developmentRegion = English;
			hasScannedForEncodings = 0;
			knownRegions = (
				en,
				Base,
			);
			mainGroup = 928B875F18939BED005F6680;
			productRefGroup = 928B876918939BEE005F6680 /* Products */;
			projectDirPath = "";
			projectReferences = (
				{
					ProductGroup = 9210062E1893D991002539BD /* Products */;
					ProjectRef = 9210062D1893D991002539BD /* GPUImage.xcodeproj */;
				},
			);
			projectRoot = "";
			targets = (
				928B876718939BEE005F6680 /* Pin the donkey tail */,
				928B878F18939BEE005F6680 /* Pin the donkey tailTests */,
			);
		};
/* End PBXProject section */

/* Begin PBXReferenceProxy section */
		921006341893D991002539BD /* libGPUImage.a */ = {
			isa = PBXReferenceProxy;
			fileType = archive.ar;
			path = libGPUImage.a;
			remoteRef = 921006331893D991002539BD /* PBXContainerItemProxy */;
			sourceTree = BUILT_PRODUCTS_DIR;
		};
		921006361893D991002539BD /* GPUImageTests.octest */ = {
			isa = PBXReferenceProxy;
			fileType = wrapper.cfbundle;
			path = GPUImageTests.octest;
			remoteRef = 921006351893D991002539BD /* PBXContainerItemProxy */;
			sourceTree = BUILT_PRODUCTS_DIR;
		};
/* End PBXReferenceProxy section */

/* Begin PBXResourcesBuildPhase section */
		928B876618939BEE005F6680 /* Resources */ = {
			isa = PBXResourcesBuildPhase;
			buildActionMask = 2147483647;
			files = (
				928B877818939BEE005F6680 /* InfoPlist.strings in Resources */,
				928B87AC1893A236005F6680 /* PinterestSDKResources.bundle in Resources */,
				92103E7318943FB7002539BD /* Hill.jpg in Resources */,
				928B878B18939BEE005F6680 /* Images.xcassets in Resources */,
				928B878918939BEE005F6680 /* Spaceship.png in Resources */,
				928B878118939BEE005F6680 /* Main.storyboard in Resources */,
				9210063E1893DDDA002539BD /* Donkey.jpg in Resources */,
			);
			runOnlyForDeploymentPostprocessing = 0;
		};
		928B878E18939BEE005F6680 /* Resources */ = {
			isa = PBXResourcesBuildPhase;
			buildActionMask = 2147483647;
			files = (
				928B879C18939BEE005F6680 /* InfoPlist.strings in Resources */,
			);
			runOnlyForDeploymentPostprocessing = 0;
		};
/* End PBXResourcesBuildPhase section */

/* Begin PBXSourcesBuildPhase section */
		928B876418939BEE005F6680 /* Sources */ = {
			isa = PBXSourcesBuildPhase;
			buildActionMask = 2147483647;
			files = (
				92103E71189431F1002539BD /* PTClient.m in Sources */,
				928B87AF1893BAFA005F6680 /* PTPinterestWrapper.m in Sources */,
				928B877E18939BEE005F6680 /* PTAppDelegate.m in Sources */,
				928B878418939BEE005F6680 /* PTViewController.m in Sources */,
				928B878718939BEE005F6680 /* PTMyScene.m in Sources */,
				928B877A18939BEE005F6680 /* main.m in Sources */,
				92103E6E18942717002539BD /* PT.m in Sources */,
			);
			runOnlyForDeploymentPostprocessing = 0;
		};
		928B878C18939BEE005F6680 /* Sources */ = {
			isa = PBXSourcesBuildPhase;
			buildActionMask = 2147483647;
			files = (
				928B879E18939BEE005F6680 /* Pin_the_donkey_tailTests.m in Sources */,
			);
			runOnlyForDeploymentPostprocessing = 0;
		};
/* End PBXSourcesBuildPhase section */

/* Begin PBXTargetDependency section */
		928B879618939BEE005F6680 /* PBXTargetDependency */ = {
			isa = PBXTargetDependency;
			target = 928B876718939BEE005F6680 /* Pin the donkey tail */;
			targetProxy = 928B879518939BEE005F6680 /* PBXContainerItemProxy */;
		};
/* End PBXTargetDependency section */

/* Begin PBXVariantGroup section */
		928B877618939BEE005F6680 /* InfoPlist.strings */ = {
			isa = PBXVariantGroup;
			children = (
				928B877718939BEE005F6680 /* en */,
			);
			name = InfoPlist.strings;
			sourceTree = "<group>";
		};
		928B877F18939BEE005F6680 /* Main.storyboard */ = {
			isa = PBXVariantGroup;
			children = (
				928B878018939BEE005F6680 /* Base */,
			);
			name = Main.storyboard;
			sourceTree = "<group>";
		};
		928B879A18939BEE005F6680 /* InfoPlist.strings */ = {
			isa = PBXVariantGroup;
			children = (
				928B879B18939BEE005F6680 /* en */,
			);
			name = InfoPlist.strings;
			sourceTree = "<group>";
		};
/* End PBXVariantGroup section */

/* Begin XCBuildConfiguration section */
		928B879F18939BEE005F6680 /* Debug */ = {
			isa = XCBuildConfiguration;
			buildSettings = {
				ALWAYS_SEARCH_USER_PATHS = NO;
				ARCHS = "$(ARCHS_STANDARD_INCLUDING_64_BIT)";
				CLANG_CXX_LANGUAGE_STANDARD = "gnu++0x";
				CLANG_CXX_LIBRARY = "libc++";
				CLANG_ENABLE_MODULES = YES;
				CLANG_ENABLE_OBJC_ARC = YES;
				CLANG_WARN_BOOL_CONVERSION = YES;
				CLANG_WARN_CONSTANT_CONVERSION = YES;
				CLANG_WARN_DIRECT_OBJC_ISA_USAGE = YES_ERROR;
				CLANG_WARN_EMPTY_BODY = YES;
				CLANG_WARN_ENUM_CONVERSION = YES;
				CLANG_WARN_INT_CONVERSION = YES;
				CLANG_WARN_OBJC_ROOT_CLASS = YES_ERROR;
				CLANG_WARN__DUPLICATE_METHOD_MATCH = YES;
				"CODE_SIGN_IDENTITY[sdk=iphoneos*]" = "iPhone Developer";
				COPY_PHASE_STRIP = NO;
				GCC_C_LANGUAGE_STANDARD = gnu99;
				GCC_DYNAMIC_NO_PIC = NO;
				GCC_OPTIMIZATION_LEVEL = 0;
				GCC_PREPROCESSOR_DEFINITIONS = (
					"DEBUG=1",
					"$(inherited)",
				);
				GCC_SYMBOLS_PRIVATE_EXTERN = NO;
				GCC_WARN_64_TO_32_BIT_CONVERSION = YES;
				GCC_WARN_ABOUT_RETURN_TYPE = YES_ERROR;
				GCC_WARN_UNDECLARED_SELECTOR = YES;
				GCC_WARN_UNINITIALIZED_AUTOS = YES;
				GCC_WARN_UNUSED_FUNCTION = YES;
				GCC_WARN_UNUSED_VARIABLE = YES;
				IPHONEOS_DEPLOYMENT_TARGET = 7.0;
				ONLY_ACTIVE_ARCH = YES;
				SDKROOT = iphoneos;
				TARGETED_DEVICE_FAMILY = 2;
			};
			name = Debug;
		};
		928B87A018939BEE005F6680 /* Release */ = {
			isa = XCBuildConfiguration;
			buildSettings = {
				ALWAYS_SEARCH_USER_PATHS = NO;
				ARCHS = "$(ARCHS_STANDARD_INCLUDING_64_BIT)";
				CLANG_CXX_LANGUAGE_STANDARD = "gnu++0x";
				CLANG_CXX_LIBRARY = "libc++";
				CLANG_ENABLE_MODULES = YES;
				CLANG_ENABLE_OBJC_ARC = YES;
				CLANG_WARN_BOOL_CONVERSION = YES;
				CLANG_WARN_CONSTANT_CONVERSION = YES;
				CLANG_WARN_DIRECT_OBJC_ISA_USAGE = YES_ERROR;
				CLANG_WARN_EMPTY_BODY = YES;
				CLANG_WARN_ENUM_CONVERSION = YES;
				CLANG_WARN_INT_CONVERSION = YES;
				CLANG_WARN_OBJC_ROOT_CLASS = YES_ERROR;
				CLANG_WARN__DUPLICATE_METHOD_MATCH = YES;
				"CODE_SIGN_IDENTITY[sdk=iphoneos*]" = "iPhone Developer";
				COPY_PHASE_STRIP = YES;
				ENABLE_NS_ASSERTIONS = NO;
				GCC_C_LANGUAGE_STANDARD = gnu99;
				GCC_WARN_64_TO_32_BIT_CONVERSION = YES;
				GCC_WARN_ABOUT_RETURN_TYPE = YES_ERROR;
				GCC_WARN_UNDECLARED_SELECTOR = YES;
				GCC_WARN_UNINITIALIZED_AUTOS = YES;
				GCC_WARN_UNUSED_FUNCTION = YES;
				GCC_WARN_UNUSED_VARIABLE = YES;
				IPHONEOS_DEPLOYMENT_TARGET = 7.0;
				SDKROOT = iphoneos;
				TARGETED_DEVICE_FAMILY = 2;
				VALIDATE_PRODUCT = YES;
			};
			name = Release;
		};
		928B87A218939BEE005F6680 /* Debug */ = {
			isa = XCBuildConfiguration;
			buildSettings = {
				ASSETCATALOG_COMPILER_APPICON_NAME = AppIcon;
				ASSETCATALOG_COMPILER_LAUNCHIMAGE_NAME = LaunchImage;
				FRAMEWORK_SEARCH_PATHS = (
					"$(inherited)",
					"/Users/xinleixu/Desktop/Pin-the-donkey-tail/Pin\\ the\\ donkey\\ tail/Pinterest.embeddedframework",
				);
				GCC_PRECOMPILE_PREFIX_HEADER = YES;
				GCC_PREFIX_HEADER = "Pin the donkey tail/Pin the donkey tail-Prefix.pch";
				INFOPLIST_FILE = "Pin the donkey tail/Pin the donkey tail-Info.plist";
				PRODUCT_NAME = "$(TARGET_NAME)";
				SPRITEKIT_TEXTURE_ATLAS_OUTPUT = YES;
				WRAPPER_EXTENSION = app;
			};
			name = Debug;
		};
		928B87A318939BEE005F6680 /* Release */ = {
			isa = XCBuildConfiguration;
			buildSettings = {
				ASSETCATALOG_COMPILER_APPICON_NAME = AppIcon;
				ASSETCATALOG_COMPILER_LAUNCHIMAGE_NAME = LaunchImage;
				FRAMEWORK_SEARCH_PATHS = (
					"$(inherited)",
					"/Users/xinleixu/Desktop/Pin-the-donkey-tail/Pin\\ the\\ donkey\\ tail/Pinterest.embeddedframework",
				);
				GCC_PRECOMPILE_PREFIX_HEADER = YES;
				GCC_PREFIX_HEADER = "Pin the donkey tail/Pin the donkey tail-Prefix.pch";
				INFOPLIST_FILE = "Pin the donkey tail/Pin the donkey tail-Info.plist";
				PRODUCT_NAME = "$(TARGET_NAME)";
				SPRITEKIT_TEXTURE_ATLAS_OUTPUT = YES;
				WRAPPER_EXTENSION = app;
			};
			name = Release;
		};
		928B87A518939BEE005F6680 /* Debug */ = {
			isa = XCBuildConfiguration;
			buildSettings = {
				ARCHS = "$(ARCHS_STANDARD_INCLUDING_64_BIT)";
				BUNDLE_LOADER = "$(BUILT_PRODUCTS_DIR)/Pin the donkey tail.app/Pin the donkey tail";
				FRAMEWORK_SEARCH_PATHS = (
					"$(SDKROOT)/Developer/Library/Frameworks",
					"$(inherited)",
					"$(DEVELOPER_FRAMEWORKS_DIR)",
				);
				GCC_PRECOMPILE_PREFIX_HEADER = YES;
				GCC_PREFIX_HEADER = "Pin the donkey tail/Pin the donkey tail-Prefix.pch";
				GCC_PREPROCESSOR_DEFINITIONS = (
					"DEBUG=1",
					"$(inherited)",
				);
				INFOPLIST_FILE = "Pin the donkey tailTests/Pin the donkey tailTests-Info.plist";
				PRODUCT_NAME = "$(TARGET_NAME)";
				TEST_HOST = "$(BUNDLE_LOADER)";
				WRAPPER_EXTENSION = xctest;
			};
			name = Debug;
		};
		928B87A618939BEE005F6680 /* Release */ = {
			isa = XCBuildConfiguration;
			buildSettings = {
				ARCHS = "$(ARCHS_STANDARD_INCLUDING_64_BIT)";
				BUNDLE_LOADER = "$(BUILT_PRODUCTS_DIR)/Pin the donkey tail.app/Pin the donkey tail";
				FRAMEWORK_SEARCH_PATHS = (
					"$(SDKROOT)/Developer/Library/Frameworks",
					"$(inherited)",
					"$(DEVELOPER_FRAMEWORKS_DIR)",
				);
				GCC_PRECOMPILE_PREFIX_HEADER = YES;
				GCC_PREFIX_HEADER = "Pin the donkey tail/Pin the donkey tail-Prefix.pch";
				INFOPLIST_FILE = "Pin the donkey tailTests/Pin the donkey tailTests-Info.plist";
				PRODUCT_NAME = "$(TARGET_NAME)";
				TEST_HOST = "$(BUNDLE_LOADER)";
				WRAPPER_EXTENSION = xctest;
			};
			name = Release;
		};
/* End XCBuildConfiguration section */

/* Begin XCConfigurationList section */
		928B876318939BEE005F6680 /* Build configuration list for PBXProject "Pin the donkey tail" */ = {
			isa = XCConfigurationList;
			buildConfigurations = (
				928B879F18939BEE005F6680 /* Debug */,
				928B87A018939BEE005F6680 /* Release */,
			);
			defaultConfigurationIsVisible = 0;
			defaultConfigurationName = Release;
		};
		928B87A118939BEE005F6680 /* Build configuration list for PBXNativeTarget "Pin the donkey tail" */ = {
			isa = XCConfigurationList;
			buildConfigurations = (
				928B87A218939BEE005F6680 /* Debug */,
				928B87A318939BEE005F6680 /* Release */,
			);
			defaultConfigurationIsVisible = 0;
			defaultConfigurationName = Release;
		};
		928B87A418939BEE005F6680 /* Build configuration list for PBXNativeTarget "Pin the donkey tailTests" */ = {
			isa = XCConfigurationList;
			buildConfigurations = (
				928B87A518939BEE005F6680 /* Debug */,
				928B87A618939BEE005F6680 /* Release */,
			);
			defaultConfigurationIsVisible = 0;
			defaultConfigurationName = Release;
		};
/* End XCConfigurationList section */
	};
	rootObject = 928B876018939BEE005F6680 /* Project object */;
}
